// !$*UTF8*$!
{
	archiveVersion = 1;
	classes = {
	};
	objectVersion = 46;
	objects = {

/* Begin PBXBuildFile section */
		113D22251A1CC8E900A5180B /* main.m in Sources */ = {isa = PBXBuildFile; fileRef = 113D22241A1CC8E900A5180B /* main.m */; };
		113D22281A1CC8E900A5180B /* AppDelegate.m in Sources */ = {isa = PBXBuildFile; fileRef = 113D22271A1CC8E900A5180B /* AppDelegate.m */; };
		113D222E1A1CC8E900A5180B /* Main.storyboard in Resources */ = {isa = PBXBuildFile; fileRef = 113D222C1A1CC8E900A5180B /* Main.storyboard */; };
		113D22301A1CC8E900A5180B /* Images.xcassets in Resources */ = {isa = PBXBuildFile; fileRef = 113D222F1A1CC8E900A5180B /* Images.xcassets */; };
		113D22331A1CC8E900A5180B /* LaunchScreen.xib in Resources */ = {isa = PBXBuildFile; fileRef = 113D22311A1CC8E900A5180B /* LaunchScreen.xib */; };
		113D223F1A1CC8EA00A5180B /* testProjectTests.m in Sources */ = {isa = PBXBuildFile; fileRef = 113D223E1A1CC8EA00A5180B /* testProjectTests.m */; };
		113D224B1A1E02BF00A5180B /* PlayersViewController.m in Sources */ = {isa = PBXBuildFile; fileRef = 113D224A1A1E02BF00A5180B /* PlayersViewController.m */; };
		113D224F1A1E038500A5180B /* PlayerInfo.m in Sources */ = {isa = PBXBuildFile; fileRef = 113D224E1A1E038500A5180B /* PlayerInfo.m */; };
		113D22521A1E03E400A5180B /* PlayersManager.m in Sources */ = {isa = PBXBuildFile; fileRef = 113D22511A1E03E400A5180B /* PlayersManager.m */; };
		113D22551A1E0D0F00A5180B /* PlayerCell.m in Sources */ = {isa = PBXBuildFile; fileRef = 113D22541A1E0D0F00A5180B /* PlayerCell.m */; };
		113D225B1A1E274300A5180B /* AddPlayerViewController.m in Sources */ = {isa = PBXBuildFile; fileRef = 113D225A1A1E274300A5180B /* AddPlayerViewController.m */; };
		113D225E1A1F278900A5180B /* GamesManager.m in Sources */ = {isa = PBXBuildFile; fileRef = 113D225D1A1F278900A5180B /* GamesManager.m */; };
		113D22611A1F287200A5180B /* GamePickerViewController.m in Sources */ = {isa = PBXBuildFile; fileRef = 113D22601A1F287200A5180B /* GamePickerViewController.m */; };
/* End PBXBuildFile section */

/* Begin PBXContainerItemProxy section */
		113D22391A1CC8EA00A5180B /* PBXContainerItemProxy */ = {
			isa = PBXContainerItemProxy;
			containerPortal = 113D22171A1CC8E900A5180B /* Project object */;
			proxyType = 1;
			remoteGlobalIDString = 113D221E1A1CC8E900A5180B;
			remoteInfo = testProject;
		};
/* End PBXContainerItemProxy section */

/* Begin PBXFileReference section */
		113D221F1A1CC8E900A5180B /* testProject.app */ = {isa = PBXFileReference; explicitFileType = wrapper.application; includeInIndex = 0; path = testProject.app; sourceTree = BUILT_PRODUCTS_DIR; };
		113D22231A1CC8E900A5180B /* Info.plist */ = {isa = PBXFileReference; lastKnownFileType = text.plist.xml; path = Info.plist; sourceTree = "<group>"; };
		113D22241A1CC8E900A5180B /* main.m */ = {isa = PBXFileReference; lastKnownFileType = sourcecode.c.objc; path = main.m; sourceTree = "<group>"; };
		113D22261A1CC8E900A5180B /* AppDelegate.h */ = {isa = PBXFileReference; lastKnownFileType = sourcecode.c.h; path = AppDelegate.h; sourceTree = "<group>"; };
		113D22271A1CC8E900A5180B /* AppDelegate.m */ = {isa = PBXFileReference; lastKnownFileType = sourcecode.c.objc; path = AppDelegate.m; sourceTree = "<group>"; };
		113D222D1A1CC8E900A5180B /* Base */ = {isa = PBXFileReference; lastKnownFileType = file.storyboard; name = Base; path = Base.lproj/Main.storyboard; sourceTree = "<group>"; };
		113D222F1A1CC8E900A5180B /* Images.xcassets */ = {isa = PBXFileReference; lastKnownFileType = folder.assetcatalog; path = Images.xcassets; sourceTree = "<group>"; };
		113D22321A1CC8E900A5180B /* Base */ = {isa = PBXFileReference; lastKnownFileType = file.xib; name = Base; path = Base.lproj/LaunchScreen.xib; sourceTree = "<group>"; };
		113D22381A1CC8EA00A5180B /* testProjectTests.xctest */ = {isa = PBXFileReference; explicitFileType = wrapper.cfbundle; includeInIndex = 0; path = testProjectTests.xctest; sourceTree = BUILT_PRODUCTS_DIR; };
		113D223D1A1CC8EA00A5180B /* Info.plist */ = {isa = PBXFileReference; lastKnownFileType = text.plist.xml; path = Info.plist; sourceTree = "<group>"; };
		113D223E1A1CC8EA00A5180B /* testProjectTests.m */ = {isa = PBXFileReference; lastKnownFileType = sourcecode.c.objc; path = testProjectTests.m; sourceTree = "<group>"; };
		113D22491A1E02BF00A5180B /* PlayersViewController.h */ = {isa = PBXFileReference; fileEncoding = 4; lastKnownFileType = sourcecode.c.h; path = PlayersViewController.h; sourceTree = "<group>"; };
		113D224A1A1E02BF00A5180B /* PlayersViewController.m */ = {isa = PBXFileReference; fileEncoding = 4; lastKnownFileType = sourcecode.c.objc; path = PlayersViewController.m; sourceTree = "<group>"; };
		113D224D1A1E038500A5180B /* PlayerInfo.h */ = {isa = PBXFileReference; fileEncoding = 4; lastKnownFileType = sourcecode.c.h; path = PlayerInfo.h; sourceTree = "<group>"; };
		113D224E1A1E038500A5180B /* PlayerInfo.m */ = {isa = PBXFileReference; fileEncoding = 4; lastKnownFileType = sourcecode.c.objc; path = PlayerInfo.m; sourceTree = "<group>"; };
		113D22501A1E03E400A5180B /* PlayersManager.h */ = {isa = PBXFileReference; fileEncoding = 4; lastKnownFileType = sourcecode.c.h; path = PlayersManager.h; sourceTree = "<group>"; };
		113D22511A1E03E400A5180B /* PlayersManager.m */ = {isa = PBXFileReference; fileEncoding = 4; lastKnownFileType = sourcecode.c.objc; path = PlayersManager.m; sourceTree = "<group>"; };
		113D22531A1E0D0F00A5180B /* PlayerCell.h */ = {isa = PBXFileReference; fileEncoding = 4; lastKnownFileType = sourcecode.c.h; path = PlayerCell.h; sourceTree = "<group>"; };
		113D22541A1E0D0F00A5180B /* PlayerCell.m */ = {isa = PBXFileReference; fileEncoding = 4; lastKnownFileType = sourcecode.c.objc; path = PlayerCell.m; sourceTree = "<group>"; };
		113D22591A1E274300A5180B /* AddPlayerViewController.h */ = {isa = PBXFileReference; fileEncoding = 4; lastKnownFileType = sourcecode.c.h; path = AddPlayerViewController.h; sourceTree = "<group>"; };
		113D225A1A1E274300A5180B /* AddPlayerViewController.m */ = {isa = PBXFileReference; fileEncoding = 4; lastKnownFileType = sourcecode.c.objc; path = AddPlayerViewController.m; sourceTree = "<group>"; };
		113D225C1A1F278900A5180B /* GamesManager.h */ = {isa = PBXFileReference; fileEncoding = 4; lastKnownFileType = sourcecode.c.h; path = GamesManager.h; sourceTree = "<group>"; };
		113D225D1A1F278900A5180B /* GamesManager.m */ = {isa = PBXFileReference; fileEncoding = 4; lastKnownFileType = sourcecode.c.objc; path = GamesManager.m; sourceTree = "<group>"; };
		113D225F1A1F287200A5180B /* GamePickerViewController.h */ = {isa = PBXFileReference; fileEncoding = 4; lastKnownFileType = sourcecode.c.h; path = GamePickerViewController.h; sourceTree = "<group>"; };
		113D22601A1F287200A5180B /* GamePickerViewController.m */ = {isa = PBXFileReference; fileEncoding = 4; lastKnownFileType = sourcecode.c.objc; path = GamePickerViewController.m; sourceTree = "<group>"; };
/* End PBXFileReference section */

/* Begin PBXFrameworksBuildPhase section */
		113D221C1A1CC8E900A5180B /* Frameworks */ = {
			isa = PBXFrameworksBuildPhase;
			buildActionMask = 2147483647;
			files = (
			);
			runOnlyForDeploymentPostprocessing = 0;
		};
		113D22351A1CC8EA00A5180B /* Frameworks */ = {
			isa = PBXFrameworksBuildPhase;
			buildActionMask = 2147483647;
			files = (
			);
			runOnlyForDeploymentPostprocessing = 0;
		};
/* End PBXFrameworksBuildPhase section */

/* Begin PBXGroup section */
		113D22161A1CC8E900A5180B = {
			isa = PBXGroup;
			children = (
				113D22211A1CC8E900A5180B /* testProject */,
				113D223B1A1CC8EA00A5180B /* testProjectTests */,
				113D22201A1CC8E900A5180B /* Products */,
			);
			sourceTree = "<group>";
		};
		113D22201A1CC8E900A5180B /* Products */ = {
			isa = PBXGroup;
			children = (
				113D221F1A1CC8E900A5180B /* testProject.app */,
				113D22381A1CC8EA00A5180B /* testProjectTests.xctest */,
			);
			name = Products;
			sourceTree = "<group>";
		};
		113D22211A1CC8E900A5180B /* testProject */ = {
			isa = PBXGroup;
			children = (
				113D224C1A1E036400A5180B /* Data */,
				113D22481A1E029300A5180B /* Views */,
				113D222C1A1CC8E900A5180B /* Main.storyboard */,
				113D222F1A1CC8E900A5180B /* Images.xcassets */,
				113D22311A1CC8E900A5180B /* LaunchScreen.xib */,
				113D22221A1CC8E900A5180B /* Supporting Files */,
			);
			path = testProject;
			sourceTree = "<group>";
		};
		113D22221A1CC8E900A5180B /* Supporting Files */ = {
			isa = PBXGroup;
			children = (
				113D22231A1CC8E900A5180B /* Info.plist */,
				113D22241A1CC8E900A5180B /* main.m */,
				113D22261A1CC8E900A5180B /* AppDelegate.h */,
				113D22271A1CC8E900A5180B /* AppDelegate.m */,
			);
			name = "Supporting Files";
			sourceTree = "<group>";
		};
		113D223B1A1CC8EA00A5180B /* testProjectTests */ = {
			isa = PBXGroup;
			children = (
				113D223E1A1CC8EA00A5180B /* testProjectTests.m */,
				113D223C1A1CC8EA00A5180B /* Supporting Files */,
			);
			path = testProjectTests;
			sourceTree = "<group>";
		};
		113D223C1A1CC8EA00A5180B /* Supporting Files */ = {
			isa = PBXGroup;
			children = (
				113D223D1A1CC8EA00A5180B /* Info.plist */,
			);
			name = "Supporting Files";
			sourceTree = "<group>";
		};
		113D22481A1E029300A5180B /* Views */ = {
			isa = PBXGroup;
			children = (
				113D22531A1E0D0F00A5180B /* PlayerCell.h */,
				113D22541A1E0D0F00A5180B /* PlayerCell.m */,
				113D22491A1E02BF00A5180B /* PlayersViewController.h */,
				113D224A1A1E02BF00A5180B /* PlayersViewController.m */,
				113D22591A1E274300A5180B /* AddPlayerViewController.h */,
				113D225A1A1E274300A5180B /* AddPlayerViewController.m */,
				113D225F1A1F287200A5180B /* GamePickerViewController.h */,
				113D22601A1F287200A5180B /* GamePickerViewController.m */,
			);
			name = Views;
			sourceTree = "<group>";
		};
		113D224C1A1E036400A5180B /* Data */ = {
			isa = PBXGroup;
			children = (
				113D224D1A1E038500A5180B /* PlayerInfo.h */,
				113D224E1A1E038500A5180B /* PlayerInfo.m */,
				113D22501A1E03E400A5180B /* PlayersManager.h */,
				113D22511A1E03E400A5180B /* PlayersManager.m */,
				113D225C1A1F278900A5180B /* GamesManager.h */,
				113D225D1A1F278900A5180B /* GamesManager.m */,
			);
			name = Data;
			sourceTree = "<group>";
		};
/* End PBXGroup section */

/* Begin PBXNativeTarget section */
		113D221E1A1CC8E900A5180B /* testProject */ = {
			isa = PBXNativeTarget;
			buildConfigurationList = 113D22421A1CC8EA00A5180B /* Build configuration list for PBXNativeTarget "testProject" */;
			buildPhases = (
				113D221B1A1CC8E900A5180B /* Sources */,
				113D221C1A1CC8E900A5180B /* Frameworks */,
				113D221D1A1CC8E900A5180B /* Resources */,
			);
			buildRules = (
			);
			dependencies = (
			);
			name = testProject;
			productName = testProject;
			productReference = 113D221F1A1CC8E900A5180B /* testProject.app */;
			productType = "com.apple.product-type.application";
		};
		113D22371A1CC8EA00A5180B /* testProjectTests */ = {
			isa = PBXNativeTarget;
			buildConfigurationList = 113D22451A1CC8EA00A5180B /* Build configuration list for PBXNativeTarget "testProjectTests" */;
			buildPhases = (
				113D22341A1CC8EA00A5180B /* Sources */,
				113D22351A1CC8EA00A5180B /* Frameworks */,
				113D22361A1CC8EA00A5180B /* Resources */,
			);
			buildRules = (
			);
			dependencies = (
				113D223A1A1CC8EA00A5180B /* PBXTargetDependency */,
			);
			name = testProjectTests;
			productName = testProjectTests;
			productReference = 113D22381A1CC8EA00A5180B /* testProjectTests.xctest */;
			productType = "com.apple.product-type.bundle.unit-test";
		};
/* End PBXNativeTarget section */

/* Begin PBXProject section */
		113D22171A1CC8E900A5180B /* Project object */ = {
			isa = PBXProject;
			attributes = {
				LastUpgradeCheck = 0610;
				ORGANIZATIONNAME = Nikita;
				TargetAttributes = {
					113D221E1A1CC8E900A5180B = {
						CreatedOnToolsVersion = 6.1;
					};
					113D22371A1CC8EA00A5180B = {
						CreatedOnToolsVersion = 6.1;
						TestTargetID = 113D221E1A1CC8E900A5180B;
					};
				};
			};
			buildConfigurationList = 113D221A1A1CC8E900A5180B /* Build configuration list for PBXProject "testProject" */;
			compatibilityVersion = "Xcode 3.2";
			developmentRegion = English;
			hasScannedForEncodings = 0;
			knownRegions = (
				en,
				Base,
			);
			mainGroup = 113D22161A1CC8E900A5180B;
			productRefGroup = 113D22201A1CC8E900A5180B /* Products */;
			projectDirPath = "";
			projectRoot = "";
			targets = (
				113D221E1A1CC8E900A5180B /* testProject */,
				113D22371A1CC8EA00A5180B /* testProjectTests */,
			);
		};
/* End PBXProject section */

/* Begin PBXResourcesBuildPhase section */
		113D221D1A1CC8E900A5180B /* Resources */ = {
			isa = PBXResourcesBuildPhase;
			buildActionMask = 2147483647;
			files = (
				113D222E1A1CC8E900A5180B /* Main.storyboard in Resources */,
				113D22331A1CC8E900A5180B /* LaunchScreen.xib in Resources */,
				113D22301A1CC8E900A5180B /* Images.xcassets in Resources */,
			);
			runOnlyForDeploymentPostprocessing = 0;
		};
		113D22361A1CC8EA00A5180B /* Resources */ = {
			isa = PBXResourcesBuildPhase;
			buildActionMask = 2147483647;
			files = (
			);
			runOnlyForDeploymentPostprocessing = 0;
		};
/* End PBXResourcesBuildPhase section */

/* Begin PBXSourcesBuildPhase section */
		113D221B1A1CC8E900A5180B /* Sources */ = {
			isa = PBXSourcesBuildPhase;
			buildActionMask = 2147483647;
			files = (
				113D224F1A1E038500A5180B /* PlayerInfo.m in Sources */,
				113D225E1A1F278900A5180B /* GamesManager.m in Sources */,
				113D225B1A1E274300A5180B /* AddPlayerViewController.m in Sources */,
				113D224B1A1E02BF00A5180B /* PlayersViewController.m in Sources */,
				113D22281A1CC8E900A5180B /* AppDelegate.m in Sources */,
				113D22521A1E03E400A5180B /* PlayersManager.m in Sources */,
				113D22551A1E0D0F00A5180B /* PlayerCell.m in Sources */,
				113D22611A1F287200A5180B /* GamePickerViewController.m in Sources */,
				113D22251A1CC8E900A5180B /* main.m in Sources */,
			);
			runOnlyForDeploymentPostprocessing = 0;
		};
		113D22341A1CC8EA00A5180B /* Sources */ = {
			isa = PBXSourcesBuildPhase;
			buildActionMask = 2147483647;
			files = (
				113D223F1A1CC8EA00A5180B /* testProjectTests.m in Sources */,
			);
			runOnlyForDeploymentPostprocessing = 0;
		};
/* End PBXSourcesBuildPhase section */

/* Begin PBXTargetDependency section */
		113D223A1A1CC8EA00A5180B /* PBXTargetDependency */ = {
			isa = PBXTargetDependency;
			target = 113D221E1A1CC8E900A5180B /* testProject */;
			targetProxy = 113D22391A1CC8EA00A5180B /* PBXContainerItemProxy */;
		};
/* End PBXTargetDependency section */

/* Begin PBXVariantGroup section */
		113D222C1A1CC8E900A5180B /* Main.storyboard */ = {
			isa = PBXVariantGroup;
			children = (
				113D222D1A1CC8E900A5180B /* Base */,
			);
			name = Main.storyboard;
			sourceTree = "<group>";
		};
		113D22311A1CC8E900A5180B /* LaunchScreen.xib */ = {
			isa = PBXVariantGroup;
			children = (
				113D22321A1CC8E900A5180B /* Base */,
			);
			name = LaunchScreen.xib;
			sourceTree = "<group>";
		};
/* End PBXVariantGroup section */

/* Begin XCBuildConfiguration section */
		113D22401A1CC8EA00A5180B /* Debug */ = {
			isa = XCBuildConfiguration;
			buildSettings = {
				ALWAYS_SEARCH_USER_PATHS = NO;
				CLANG_CXX_LANGUAGE_STANDARD = "gnu++0x";
				CLANG_CXX_LIBRARY = "libc++";
				CLANG_ENABLE_MODULES = YES;
				CLANG_ENABLE_OBJC_ARC = YES;
				CLANG_WARN_BOOL_CONVERSION = YES;
				CLANG_WARN_CONSTANT_CONVERSION = YES;
				CLANG_WARN_DIRECT_OBJC_ISA_USAGE = YES_ERROR;
				CLANG_WARN_EMPTY_BODY = YES;
				CLANG_WARN_ENUM_CONVERSION = YES;
				CLANG_WARN_INT_CONVERSION = YES;
				CLANG_WARN_OBJC_ROOT_CLASS = YES_ERROR;
				CLANG_WARN_UNREACHABLE_CODE = YES;
				CLANG_WARN__DUPLICATE_METHOD_MATCH = YES;
				"CODE_SIGN_IDENTITY[sdk=iphoneos*]" = "iPhone Developer";
				COPY_PHASE_STRIP = NO;
				ENABLE_STRICT_OBJC_MSGSEND = YES;
				GCC_C_LANGUAGE_STANDARD = gnu99;
				GCC_DYNAMIC_NO_PIC = NO;
				GCC_OPTIMIZATION_LEVEL = 0;
				GCC_PREPROCESSOR_DEFINITIONS = (
					"DEBUG=1",
					"$(inherited)",
				);
				GCC_SYMBOLS_PRIVATE_EXTERN = NO;
				GCC_WARN_64_TO_32_BIT_CONVERSION = YES;
				GCC_WARN_ABOUT_RETURN_TYPE = YES_ERROR;
				GCC_WARN_UNDECLARED_SELECTOR = YES;
				GCC_WARN_UNINITIALIZED_AUTOS = YES_AGGRESSIVE;
				GCC_WARN_UNUSED_FUNCTION = YES;
				GCC_WARN_UNUSED_VARIABLE = YES;
				IPHONEOS_DEPLOYMENT_TARGET = 6.0;
				MTL_ENABLE_DEBUG_INFO = YES;
				ONLY_ACTIVE_ARCH = YES;
				SDKROOT = iphoneos;
			};
			name = Debug;
		};
		113D22411A1CC8EA00A5180B /* Release */ = {
			isa = XCBuildConfiguration;
			buildSettings = {
				ALWAYS_SEARCH_USER_PATHS = NO;
				CLANG_CXX_LANGUAGE_STANDARD = "gnu++0x";
				CLANG_CXX_LIBRARY = "libc++";
				CLANG_ENABLE_MODULES = YES;
				CLANG_ENABLE_OBJC_ARC = YES;
				CLANG_WARN_BOOL_CONVERSION = YES;
				CLANG_WARN_CONSTANT_CONVERSION = YES;
				CLANG_WARN_DIRECT_OBJC_ISA_USAGE = YES_ERROR;
				CLANG_WARN_EMPTY_BODY = YES;
				CLANG_WARN_ENUM_CONVERSION = YES;
				CLANG_WARN_INT_CONVERSION = YES;
				CLANG_WARN_OBJC_ROOT_CLASS = YES_ERROR;
				CLANG_WARN_UNREACHABLE_CODE = YES;
				CLANG_WARN__DUPLICATE_METHOD_MATCH = YES;
				"CODE_SIGN_IDENTITY[sdk=iphoneos*]" = "iPhone Developer";
				COPY_PHASE_STRIP = YES;
				ENABLE_NS_ASSERTIONS = NO;
				ENABLE_STRICT_OBJC_MSGSEND = YES;
				GCC_C_LANGUAGE_STANDARD = gnu99;
				GCC_WARN_64_TO_32_BIT_CONVERSION = YES;
				GCC_WARN_ABOUT_RETURN_TYPE = YES_ERROR;
				GCC_WARN_UNDECLARED_SELECTOR = YES;
				GCC_WARN_UNINITIALIZED_AUTOS = YES_AGGRESSIVE;
				GCC_WARN_UNUSED_FUNCTION = YES;
				GCC_WARN_UNUSED_VARIABLE = YES;
				IPHONEOS_DEPLOYMENT_TARGET = 6.0;
				MTL_ENABLE_DEBUG_INFO = NO;
				SDKROOT = iphoneos;
				VALIDATE_PRODUCT = YES;
			};
			name = Release;
		};
		113D22431A1CC8EA00A5180B /* Debug */ = {
			isa = XCBuildConfiguration;
			buildSettings = {
				ASSETCATALOG_COMPILER_APPICON_NAME = AppIcon;
				ASSETCATALOG_COMPILER_LAUNCHIMAGE_NAME = LaunchImage;
				INFOPLIST_FILE = testProject/Info.plist;
				LD_RUNPATH_SEARCH_PATHS = "$(inherited) @executable_path/Frameworks";
				PRODUCT_NAME = "$(TARGET_NAME)";
			};
			name = Debug;
		};
		113D22441A1CC8EA00A5180B /* Release */ = {
			isa = XCBuildConfiguration;
			buildSettings = {
				ASSETCATALOG_COMPILER_APPICON_NAME = AppIcon;
				ASSETCATALOG_COMPILER_LAUNCHIMAGE_NAME = LaunchImage;
				INFOPLIST_FILE = testProject/Info.plist;
				LD_RUNPATH_SEARCH_PATHS = "$(inherited) @executable_path/Frameworks";
				PRODUCT_NAME = "$(TARGET_NAME)";
			};
			name = Release;
		};
		113D22461A1CC8EA00A5180B /* Debug */ = {
			isa = XCBuildConfiguration;
			buildSettings = {
				BUNDLE_LOADER = "$(TEST_HOST)";
				FRAMEWORK_SEARCH_PATHS = (
					"$(SDKROOT)/Developer/Library/Frameworks",
					"$(inherited)",
				);
				GCC_PREPROCESSOR_DEFINITIONS = (
					"DEBUG=1",
					"$(inherited)",
				);
				INFOPLIST_FILE = testProjectTests/Info.plist;
				LD_RUNPATH_SEARCH_PATHS = "$(inherited) @executable_path/Frameworks @loader_path/Frameworks";
				PRODUCT_NAME = "$(TARGET_NAME)";
				TEST_HOST = "$(BUILT_PRODUCTS_DIR)/testProject.app/testProject";
			};
			name = Debug;
		};
		113D22471A1CC8EA00A5180B /* Release */ = {
			isa = XCBuildConfiguration;
			buildSettings = {
				BUNDLE_LOADER = "$(TEST_HOST)";
				FRAMEWORK_SEARCH_PATHS = (
					"$(SDKROOT)/Developer/Library/Frameworks",
					"$(inherited)",
				);
				INFOPLIST_FILE = testProjectTests/Info.plist;
				LD_RUNPATH_SEARCH_PATHS = "$(inherited) @executable_path/Frameworks @loader_path/Frameworks";
				PRODUCT_NAME = "$(TARGET_NAME)";
				TEST_HOST = "$(BUILT_PRODUCTS_DIR)/testProject.app/testProject";
			};
			name = Release;
		};
/* End XCBuildConfiguration section */

/* Begin XCConfigurationList section */
		113D221A1A1CC8E900A5180B /* Build configuration list for PBXProject "testProject" */ = {
			isa = XCConfigurationList;
			buildConfigurations = (
				113D22401A1CC8EA00A5180B /* Debug */,
				113D22411A1CC8EA00A5180B /* Release */,
			);
			defaultConfigurationIsVisible = 0;
			defaultConfigurationName = Release;
		};
		113D22421A1CC8EA00A5180B /* Build configuration list for PBXNativeTarget "testProject" */ = {
			isa = XCConfigurationList;
			buildConfigurations = (
				113D22431A1CC8EA00A5180B /* Debug */,
				113D22441A1CC8EA00A5180B /* Release */,
			);
			defaultConfigurationIsVisible = 0;
			defaultConfigurationName = Release;
		};
		113D22451A1CC8EA00A5180B /* Build configuration list for PBXNativeTarget "testProjectTests" */ = {
			isa = XCConfigurationList;
			buildConfigurations = (
				113D22461A1CC8EA00A5180B /* Debug */,
				113D22471A1CC8EA00A5180B /* Release */,
			);
			defaultConfigurationIsVisible = 0;
			defaultConfigurationName = Release;
		};
/* End XCConfigurationList section */
	};
	rootObject = 113D22171A1CC8E900A5180B /* Project object */;
}
